<?xml version="1.0" encoding="utf-8"?>
<Project ToolsVersion="4.0" xmlns="http://schemas.microsoft.com/developer/msbuild/2003">
  <ItemGroup>
    <Filter Include="src">
      <UniqueIdentifier>{2DAB880B-99B4-887C-2230-9F7C8E38947C}</UniqueIdentifier>
    </Filter>
    <Filter Include="src\Fountainhead">
      <UniqueIdentifier>{B2DB62BD-9ED4-810F-C706-6794B35E611B}</UniqueIdentifier>
    </Filter>
    <Filter Include="src\Fountainhead\Core">
      <UniqueIdentifier>{4A1F13E7-B68B-CEE1-7F7F-663FEBAAF049}</UniqueIdentifier>
    </Filter>
    <Filter Include="src\Fountainhead\Debug">
      <UniqueIdentifier>{A86383C9-945D-AC1B-7DCA-422C69631288}</UniqueIdentifier>
    </Filter>
    <Filter Include="src\Fountainhead\Events">
      <UniqueIdentifier>{562B7AFD-C262-C294-CB6C-26B83723E98D}</UniqueIdentifier>
    </Filter>
    <Filter Include="src\Fountainhead\ImGui">
      <UniqueIdentifier>{5CCEE1C9-48C8-0A1C-3135-A12C1DCE7088}</UniqueIdentifier>
    </Filter>
    <Filter Include="src\Fountainhead\Renderer">
      <UniqueIdentifier>{9867AD3B-042A-E1C5-4DDA-6F52B9DBB9A3}</UniqueIdentifier>
    </Filter>
    <Filter Include="src\Platform">
      <UniqueIdentifier>{21CA02E5-0D2D-9289-B6B2-CA3FA2F45D0C}</UniqueIdentifier>
    </Filter>
    <Filter Include="src\Platform\OpenGL">
      <UniqueIdentifier>{35A49437-A105-7245-2A73-B8F796D3A804}</UniqueIdentifier>
    </Filter>
    <Filter Include="src\Platform\Windows">
      <UniqueIdentifier>{5B054582-4794-CE4B-F0B2-E246DC20DFF1}</UniqueIdentifier>
    </Filter>
    <Filter Include="vendor">
      <UniqueIdentifier>{B3738122-9F15-ACF8-88D0-BF4C74113349}</UniqueIdentifier>
    </Filter>
    <Filter Include="vendor\stb_image">
      <UniqueIdentifier>{0DA0BA59-F998-D9AB-22CB-BE300E23B9B7}</UniqueIdentifier>
    </Filter>
  </ItemGroup>
  <ItemGroup>
    <ClInclude Include="src\Fountainhead.h">
      <Filter>src</Filter>
    </ClInclude>
    <ClInclude Include="src\Fountainhead\Core\Application.h">
      <Filter>src\Fountainhead\Core</Filter>
    </ClInclude>
    <ClInclude Include="src\Fountainhead\Core\Core.h">
      <Filter>src\Fountainhead\Core</Filter>
    </ClInclude>
    <ClInclude Include="src\Fountainhead\Core\EntryPoint.h">
      <Filter>src\Fountainhead\Core</Filter>
    </ClInclude>
    <ClInclude Include="src\Fountainhead\Core\Input.h">
      <Filter>src\Fountainhead\Core</Filter>
    </ClInclude>
    <ClInclude Include="src\Fountainhead\Core\KeyCodes.h">
      <Filter>src\Fountainhead\Core</Filter>
    </ClInclude>
    <ClInclude Include="src\Fountainhead\Core\Layer.h">
      <Filter>src\Fountainhead\Core</Filter>
    </ClInclude>
    <ClInclude Include="src\Fountainhead\Core\LayerStack.h">
      <Filter>src\Fountainhead\Core</Filter>
    </ClInclude>
    <ClInclude Include="src\Fountainhead\Core\Log.h">
      <Filter>src\Fountainhead\Core</Filter>
    </ClInclude>
    <ClInclude Include="src\Fountainhead\Core\MouseButtonCodes.h">
      <Filter>src\Fountainhead\Core</Filter>
    </ClInclude>
    <ClInclude Include="src\Fountainhead\Core\Timestep.h">
      <Filter>src\Fountainhead\Core</Filter>
    </ClInclude>
    <ClInclude Include="src\Fountainhead\Core\Window.h">
      <Filter>src\Fountainhead\Core</Filter>
    </ClInclude>
    <ClInclude Include="src\Fountainhead\Debug\Instrumentor.h">
      <Filter>src\Fountainhead\Debug</Filter>
    </ClInclude>
    <ClInclude Include="src\Fountainhead\Events\ApplicationEvent.h">
      <Filter>src\Fountainhead\Events</Filter>
    </ClInclude>
    <ClInclude Include="src\Fountainhead\Events\Event.h">
      <Filter>src\Fountainhead\Events</Filter>
    </ClInclude>
    <ClInclude Include="src\Fountainhead\Events\KeyEvent.h">
      <Filter>src\Fountainhead\Events</Filter>
    </ClInclude>
    <ClInclude Include="src\Fountainhead\Events\MouseEvent.h">
      <Filter>src\Fountainhead\Events</Filter>
    </ClInclude>
    <ClInclude Include="src\Fountainhead\ImGui\ImGuiLayer.h">
      <Filter>src\Fountainhead\ImGui</Filter>
    </ClInclude>
    <ClInclude Include="src\Fountainhead\Renderer\Buffer.h">
      <Filter>src\Fountainhead\Renderer</Filter>
    </ClInclude>
    <ClInclude Include="src\Fountainhead\Renderer\GraphicsContext.h">
      <Filter>src\Fountainhead\Renderer</Filter>
    </ClInclude>
    <ClInclude Include="src\Fountainhead\Renderer\OrthographicCamera.h">
      <Filter>src\Fountainhead\Renderer</Filter>
    </ClInclude>
    <ClInclude Include="src\Fountainhead\Renderer\OrthographicCameraController.h">
      <Filter>src\Fountainhead\Renderer</Filter>
    </ClInclude>
    <ClInclude Include="src\Fountainhead\Renderer\RenderCommand.h">
      <Filter>src\Fountainhead\Renderer</Filter>
    </ClInclude>
    <ClInclude Include="src\Fountainhead\Renderer\Renderer.h">
      <Filter>src\Fountainhead\Renderer</Filter>
    </ClInclude>
    <ClInclude Include="src\Fountainhead\Renderer\Renderer2D.h">
      <Filter>src\Fountainhead\Renderer</Filter>
    </ClInclude>
    <ClInclude Include="src\Fountainhead\Renderer\RendererAPI.h">
      <Filter>src\Fountainhead\Renderer</Filter>
    </ClInclude>
    <ClInclude Include="src\Fountainhead\Renderer\Shader.h">
      <Filter>src\Fountainhead\Renderer</Filter>
    </ClInclude>
    <ClInclude Include="src\Fountainhead\Renderer\Texture.h">
      <Filter>src\Fountainhead\Renderer</Filter>
    </ClInclude>
    <ClInclude Include="src\Fountainhead\Renderer\VertexArray.h">
      <Filter>src\Fountainhead\Renderer</Filter>
    </ClInclude>
    <ClInclude Include="src\Platform\OpenGL\OpenGLBuffer.h">
      <Filter>src\Platform\OpenGL</Filter>
    </ClInclude>
    <ClInclude Include="src\Platform\OpenGL\OpenGLContext.h">
      <Filter>src\Platform\OpenGL</Filter>
    </ClInclude>
    <ClInclude Include="src\Platform\OpenGL\OpenGLRendererAPI.h">
      <Filter>src\Platform\OpenGL</Filter>
    </ClInclude>
    <ClInclude Include="src\Platform\OpenGL\OpenGLShader.h">
      <Filter>src\Platform\OpenGL</Filter>
    </ClInclude>
    <ClInclude Include="src\Platform\OpenGL\OpenGLTexture.h">
      <Filter>src\Platform\OpenGL</Filter>
    </ClInclude>
    <ClInclude Include="src\Platform\OpenGL\OpenGLVertexArray.h">
      <Filter>src\Platform\OpenGL</Filter>
    </ClInclude>
    <ClInclude Include="src\Platform\Windows\WindowsInput.h">
      <Filter>src\Platform\Windows</Filter>
    </ClInclude>
    <ClInclude Include="src\Platform\Windows\WindowsWindow.h">
      <Filter>src\Platform\Windows</Filter>
    </ClInclude>
    <ClInclude Include="src\fhpch.h">
      <Filter>src</Filter>
    </ClInclude>
    <ClInclude Include="vendor\stb_image\stb_image.h">
      <Filter>vendor\stb_image</Filter>
    </ClInclude>
  </ItemGroup>
  <ItemGroup>
    <ClCompile Include="src\Fountainhead\Core\Application.cpp">
      <Filter>src\Fountainhead\Core</Filter>
    </ClCompile>
    <ClCompile Include="src\Fountainhead\Core\Layer.cpp">
      <Filter>src\Fountainhead\Core</Filter>
    </ClCompile>
    <ClCompile Include="src\Fountainhead\Core\LayerStack.cpp">
      <Filter>src\Fountainhead\Core</Filter>
    </ClCompile>
    <ClCompile Include="src\Fountainhead\Core\Log.cpp">
      <Filter>src\Fountainhead\Core</Filter>
    </ClCompile>
    <ClCompile Include="src\Fountainhead\ImGui\ImGuiBuild.cpp">
      <Filter>src\Fountainhead\ImGui</Filter>
    </ClCompile>
    <ClCompile Include="src\Fountainhead\ImGui\ImGuiLayer.cpp">
      <Filter>src\Fountainhead\ImGui</Filter>
    </ClCompile>
    <ClCompile Include="src\Fountainhead\Renderer\Buffer.cpp">
      <Filter>src\Fountainhead\Renderer</Filter>
    </ClCompile>
    <ClCompile Include="src\Fountainhead\Renderer\GraphicsContext.cpp">
      <Filter>src\Fountainhead\Renderer</Filter>
    </ClCompile>
    <ClCompile Include="src\Fountainhead\Renderer\OrthographicCamera.cpp">
      <Filter>src\Fountainhead\Renderer</Filter>
    </ClCompile>
    <ClCompile Include="src\Fountainhead\Renderer\OrthographicCameraController.cpp">
      <Filter>src\Fountainhead\Renderer</Filter>
    </ClCompile>
    <ClCompile Include="src\Fountainhead\Renderer\RenderCommand.cpp">
      <Filter>src\Fountainhead\Renderer</Filter>
    </ClCompile>
    <ClCompile Include="src\Fountainhead\Renderer\Renderer.cpp">
      <Filter>src\Fountainhead\Renderer</Filter>
    </ClCompile>
    <ClCompile Include="src\Fountainhead\Renderer\Renderer2D.cpp">
      <Filter>src\Fountainhead\Renderer</Filter>
    </ClCompile>
    <ClCompile Include="src\Fountainhead\Renderer\RendererAPI.cpp">
      <Filter>src\Fountainhead\Renderer</Filter>
    </ClCompile>
    <ClCompile Include="src\Fountainhead\Renderer\Shader.cpp">
      <Filter>src\Fountainhead\Renderer</Filter>
    </ClCompile>
    <ClCompile Include="src\Fountainhead\Renderer\Texture.cpp">
      <Filter>src\Fountainhead\Renderer</Filter>
    </ClCompile>
    <ClCompile Include="src\Fountainhead\Renderer\VertexArray.cpp">
      <Filter>src\Fountainhead\Renderer</Filter>
    </ClCompile>
    <ClCompile Include="src\Platform\OpenGL\OpenGLBuffer.cpp">
      <Filter>src\Platform\OpenGL</Filter>
    </ClCompile>
    <ClCompile Include="src\Platform\OpenGL\OpenGLContext.cpp">
      <Filter>src\Platform\OpenGL</Filter>
    </ClCompile>
    <ClCompile Include="src\Platform\OpenGL\OpenGLRendererAPI.cpp">
      <Filter>src\Platform\OpenGL</Filter>
    </ClCompile>
    <ClCompile Include="src\Platform\OpenGL\OpenGLShader.cpp">
      <Filter>src\Platform\OpenGL</Filter>
    </ClCompile>
    <ClCompile Include="src\Platform\OpenGL\OpenGLTexture.cpp">
      <Filter>src\Platform\OpenGL</Filter>
    </ClCompile>
    <ClCompile Include="src\Platform\OpenGL\OpenGLVertexArray.cpp">
      <Filter>src\Platform\OpenGL</Filter>
    </ClCompile>
    <ClCompile Include="src\Platform\Windows\WindowsInput.cpp">
      <Filter>src\Platform\Windows</Filter>
    </ClCompile>
    <ClCompile Include="src\Platform\Windows\WindowsWindow.cpp">
      <Filter>src\Platform\Windows</Filter>
    </ClCompile>
    <ClCompile Include="src\fhpch.cpp">
      <Filter>src</Filter>
    </ClCompile>
    <ClCompile Include="vendor\stb_image\stb_image.cpp">
      <Filter>vendor\stb_image</Filter>
    </ClCompile>
  </ItemGroup>
</Project>